
Microsoft Visual Studio Solution File, Format Version 12.00
# Visual Studio 14
VisualStudioVersion = 14.0.24720.0
MinimumVisualStudioVersion = 10.0.40219.1
Project("{2150E333-8FDC-42A3-9474-1A3956D46DE8}") = "Solution Items", "Solution Items", "{02E16258-B371-4890-A913-D5FC090FA755}"
	ProjectSection(SolutionItems) = preProject
		GeneralAssemblyInfo.cs = GeneralAssemblyInfo.cs
	EndProjectSection
EndProject
Project("{2150E333-8FDC-42A3-9474-1A3956D46DE8}") = "Common", "Common", "{18C706D8-1C33-44AF-A933-AAA479CC8A92}"
EndProject
Project("{FAE04EC0-301F-11D3-BF4B-00C04F79EFBC}") = "Gds.Runtime", "Gds.Runtime\Gds.Runtime.csproj", "{FE84B6EF-5753-4FCB-A124-E34A45A35AE6}"
EndProject
Project("{FAE04EC0-301F-11D3-BF4B-00C04F79EFBC}") = "Gds.Windows", "Gds.Windows\Gds.Windows.csproj", "{77F11A5D-F541-444E-846D-3A3919D7A8A4}"
EndProject
Project("{FAE04EC0-301F-11D3-BF4B-00C04F79EFBC}") = "Gds.LiteConstruct.BusinessObjects", "Gds.LiteConstruct.BusinessObjects\Gds.LiteConstruct.BusinessObjects.csproj", "{6D2D9F6C-2081-421D-93C7-251C0C0440A0}"
EndProject
Project("{FAE04EC0-301F-11D3-BF4B-00C04F79EFBC}") = "Gds.LiteConstruct.Core", "Gds.LiteConstruct.Core\Gds.LiteConstruct.Core.csproj", "{572EFFEA-CB71-4016-B208-4F82914608A0}"
EndProject
Project("{FAE04EC0-301F-11D3-BF4B-00C04F79EFBC}") = "Gds.LiteConstruct.Environment", "Gds.LiteConstruct.Environment\Gds.LiteConstruct.Environment.csproj", "{D62AE657-DE99-436F-9919-66045E2884B2}"
EndProject
Project("{FAE04EC0-301F-11D3-BF4B-00C04F79EFBC}") = "Gds.LiteConstruct.Presentation", "Gds.LiteConstruct.Presentation\Gds.LiteConstruct.Presentation.csproj", "{2A1316CF-9158-470E-8393-C36AFF06EB7B}"
EndProject
Project("{FAE04EC0-301F-11D3-BF4B-00C04F79EFBC}") = "Gds.LiteConstruct.PrimitivesManagement", "Gds.LiteConstruct.PrimitivesManagement\Gds.LiteConstruct.PrimitivesManagement.csproj", "{31DD5543-FA84-4C35-8F53-117FDE891463}"
EndProject
Project("{FAE04EC0-301F-11D3-BF4B-00C04F79EFBC}") = "Gds.LiteConstruct.Rendering", "Gds.LiteConstruct.Rendering\Gds.LiteConstruct.Rendering.csproj", "{DADA31A6-8462-46BC-B898-C64A49DB51AD}"
EndProject
Project("{FAE04EC0-301F-11D3-BF4B-00C04F79EFBC}") = "Gds.LiteConstruct.Startup", "Gds.LiteConstruct.Startup\Gds.LiteConstruct.Startup.csproj", "{A4ADCE82-CD07-451C-89FA-994409C816FC}"
EndProject
Project("{FAE04EC0-301F-11D3-BF4B-00C04F79EFBC}") = "Gds.LiteConstruct.Windows", "Gds.LiteConstruct.Windows\Gds.LiteConstruct.Windows.csproj", "{E02387FB-5004-4F89-8581-F6C4BFE0F99D}"
EndProject
Global
	GlobalSection(SolutionConfigurationPlatforms) = preSolution
		Debug|Any CPU = Debug|Any CPU
		Release|Any CPU = Release|Any CPU
	EndGlobalSection
	GlobalSection(ProjectConfigurationPlatforms) = postSolution
		{FE84B6EF-5753-4FCB-A124-E34A45A35AE6}.Debug|Any CPU.ActiveCfg = Debug|Any CPU
		{FE84B6EF-5753-4FCB-A124-E34A45A35AE6}.Debug|Any CPU.Build.0 = Debug|Any CPU
		{FE84B6EF-5753-4FCB-A124-E34A45A35AE6}.Release|Any CPU.ActiveCfg = Release|Any CPU
		{FE84B6EF-5753-4FCB-A124-E34A45A35AE6}.Release|Any CPU.Build.0 = Release|Any CPU
		{77F11A5D-F541-444E-846D-3A3919D7A8A4}.Debug|Any CPU.ActiveCfg = Debug|Any CPU
		{77F11A5D-F541-444E-846D-3A3919D7A8A4}.Debug|Any CPU.Build.0 = Debug|Any CPU
		{77F11A5D-F541-444E-846D-3A3919D7A8A4}.Release|Any CPU.ActiveCfg = Release|Any CPU
		{77F11A5D-F541-444E-846D-3A3919D7A8A4}.Release|Any CPU.Build.0 = Release|Any CPU
		{6D2D9F6C-2081-421D-93C7-251C0C0440A0}.Debug|Any CPU.ActiveCfg = Debug|Any CPU
		{6D2D9F6C-2081-421D-93C7-251C0C0440A0}.Debug|Any CPU.Build.0 = Debug|Any CPU
		{6D2D9F6C-2081-421D-93C7-251C0C0440A0}.Release|Any CPU.ActiveCfg = Release|Any CPU
		{6D2D9F6C-2081-421D-93C7-251C0C0440A0}.Release|Any CPU.Build.0 = Release|Any CPU
		{572EFFEA-CB71-4016-B208-4F82914608A0}.Debug|Any CPU.ActiveCfg = Debug|Any CPU
		{572EFFEA-CB71-4016-B208-4F82914608A0}.Debug|Any CPU.Build.0 = Debug|Any CPU
		{572EFFEA-CB71-4016-B208-4F82914608A0}.Release|Any CPU.ActiveCfg = Release|Any CPU
		{572EFFEA-CB71-4016-B208-4F82914608A0}.Release|Any CPU.Build.0 = Release|Any CPU
		{D62AE657-DE99-436F-9919-66045E2884B2}.Debug|Any CPU.ActiveCfg = Debug|Any CPU
		{D62AE657-DE99-436F-9919-66045E2884B2}.Debug|Any CPU.Build.0 = Debug|Any CPU
		{D62AE657-DE99-436F-9919-66045E2884B2}.Release|Any CPU.ActiveCfg = Release|Any CPU
		{D62AE657-DE99-436F-9919-66045E2884B2}.Release|Any CPU.Build.0 = Release|Any CPU
		{2A1316CF-9158-470E-8393-C36AFF06EB7B}.Debug|Any CPU.ActiveCfg = Debug|Any CPU
		{2A1316CF-9158-470E-8393-C36AFF06EB7B}.Debug|Any CPU.Build.0 = Debug|Any CPU
		{2A1316CF-9158-470E-8393-C36AFF06EB7B}.Release|Any CPU.ActiveCfg = Release|Any CPU
		{2A1316CF-9158-470E-8393-C36AFF06EB7B}.Release|Any CPU.Build.0 = Release|Any CPU
		{31DD5543-FA84-4C35-8F53-117FDE891463}.Debug|Any CPU.ActiveCfg = Debug|Any CPU
		{31DD5543-FA84-4C35-8F53-117FDE891463}.Debug|Any CPU.Build.0 = Debug|Any CPU
		{31DD5543-FA84-4C35-8F53-117FDE891463}.Release|Any CPU.ActiveCfg = Release|Any CPU
		{31DD5543-FA84-4C35-8F53-117FDE891463}.Release|Any CPU.Build.0 = Release|Any CPU
		{DADA31A6-8462-46BC-B898-C64A49DB51AD}.Debug|Any CPU.ActiveCfg = Debug|Any CPU
		{DADA31A6-8462-46BC-B898-C64A49DB51AD}.Debug|Any CPU.Build.0 = Debug|Any CPU
		{DADA31A6-8462-46BC-B898-C64A49DB51AD}.Release|Any CPU.ActiveCfg = Release|Any CPU
		{DADA31A6-8462-46BC-B898-C64A49DB51AD}.Release|Any CPU.Build.0 = Release|Any CPU
		{A4ADCE82-CD07-451C-89FA-994409C816FC}.Debug|Any CPU.ActiveCfg = Debug|Any CPU
		{A4ADCE82-CD07-451C-89FA-994409C816FC}.Debug|Any CPU.Build.0 = Debug|Any CPU
		{A4ADCE82-CD07-451C-89FA-994409C816FC}.Release|Any CPU.ActiveCfg = Release|Any CPU
		{A4ADCE82-CD07-451C-89FA-994409C816FC}.Release|Any CPU.Build.0 = Release|Any CPU
		{E02387FB-5004-4F89-8581-F6C4BFE0F99D}.Debug|Any CPU.ActiveCfg = Debug|Any CPU
		{E02387FB-5004-4F89-8581-F6C4BFE0F99D}.Debug|Any CPU.Build.0 = Debug|Any CPU
		{E02387FB-5004-4F89-8581-F6C4BFE0F99D}.Release|Any CPU.ActiveCfg = Release|Any CPU
		{E02387FB-5004-4F89-8581-F6C4BFE0F99D}.Release|Any CPU.Build.0 = Release|Any CPU
	EndGlobalSection
	GlobalSection(SolutionProperties) = preSolution
		HideSolutionNode = FALSE
	EndGlobalSection
	GlobalSection(NestedProjects) = preSolution
		{FE84B6EF-5753-4FCB-A124-E34A45A35AE6} = {18C706D8-1C33-44AF-A933-AAA479CC8A92}
		{77F11A5D-F541-444E-846D-3A3919D7A8A4} = {18C706D8-1C33-44AF-A933-AAA479CC8A92}
	EndGlobalSection
EndGlobal
